// !$*UTF8*$!
{
	archiveVersion = 1;
	classes = {
	};
	objectVersion = 46;
	objects = {

/* Begin PBXBuildFile section */
		E82F15581BF1E94B00465202 /* AppDelegate.swift in Sources */ = {isa = PBXBuildFile; fileRef = E82F15571BF1E94B00465202 /* AppDelegate.swift */; };
		E82F155A1BF1E94C00465202 /* GameScene.sks in Resources */ = {isa = PBXBuildFile; fileRef = E82F15591BF1E94C00465202 /* GameScene.sks */; };
		E82F155C1BF1E94C00465202 /* GameScene.swift in Sources */ = {isa = PBXBuildFile; fileRef = E82F155B1BF1E94C00465202 /* GameScene.swift */; };
		E82F155E1BF1E94C00465202 /* GameViewController.swift in Sources */ = {isa = PBXBuildFile; fileRef = E82F155D1BF1E94C00465202 /* GameViewController.swift */; };
		E82F15611BF1E94D00465202 /* Main.storyboard in Resources */ = {isa = PBXBuildFile; fileRef = E82F155F1BF1E94D00465202 /* Main.storyboard */; };
		E82F15631BF1E94D00465202 /* Assets.xcassets in Resources */ = {isa = PBXBuildFile; fileRef = E82F15621BF1E94D00465202 /* Assets.xcassets */; };
		E82F15661BF1E94D00465202 /* LaunchScreen.storyboard in Resources */ = {isa = PBXBuildFile; fileRef = E82F15641BF1E94D00465202 /* LaunchScreen.storyboard */; };
		E82F15711BF1E94E00465202 /* CountCatsTests.swift in Sources */ = {isa = PBXBuildFile; fileRef = E82F15701BF1E94E00465202 /* CountCatsTests.swift */; };
		E82F157C1BF1E95000465202 /* CountCatsUITests.swift in Sources */ = {isa = PBXBuildFile; fileRef = E82F157B1BF1E95000465202 /* CountCatsUITests.swift */; };
/* End PBXBuildFile section */

/* Begin PBXContainerItemProxy section */
		E82F156D1BF1E94E00465202 /* PBXContainerItemProxy */ = {
			isa = PBXContainerItemProxy;
			containerPortal = E82F154C1BF1E94A00465202 /* Project object */;
			proxyType = 1;
			remoteGlobalIDString = E82F15531BF1E94A00465202;
			remoteInfo = CountCats;
		};
		E82F15781BF1E94E00465202 /* PBXContainerItemProxy */ = {
			isa = PBXContainerItemProxy;
			containerPortal = E82F154C1BF1E94A00465202 /* Project object */;
			proxyType = 1;
			remoteGlobalIDString = E82F15531BF1E94A00465202;
			remoteInfo = CountCats;
		};
/* End PBXContainerItemProxy section */

/* Begin PBXFileReference section */
		E82F15541BF1E94B00465202 /* CountCats.app */ = {isa = PBXFileReference; explicitFileType = wrapper.application; includeInIndex = 0; path = CountCats.app; sourceTree = BUILT_PRODUCTS_DIR; };
		E82F15571BF1E94B00465202 /* AppDelegate.swift */ = {isa = PBXFileReference; lastKnownFileType = sourcecode.swift; path = AppDelegate.swift; sourceTree = "<group>"; };
		E82F15591BF1E94C00465202 /* GameScene.sks */ = {isa = PBXFileReference; lastKnownFileType = file.sks; path = GameScene.sks; sourceTree = "<group>"; };
		E82F155B1BF1E94C00465202 /* GameScene.swift */ = {isa = PBXFileReference; lastKnownFileType = sourcecode.swift; path = GameScene.swift; sourceTree = "<group>"; };
		E82F155D1BF1E94C00465202 /* GameViewController.swift */ = {isa = PBXFileReference; lastKnownFileType = sourcecode.swift; path = GameViewController.swift; sourceTree = "<group>"; };
		E82F15601BF1E94D00465202 /* Base */ = {isa = PBXFileReference; lastKnownFileType = file.storyboard; name = Base; path = Base.lproj/Main.storyboard; sourceTree = "<group>"; };
		E82F15621BF1E94D00465202 /* Assets.xcassets */ = {isa = PBXFileReference; lastKnownFileType = folder.assetcatalog; path = Assets.xcassets; sourceTree = "<group>"; };
		E82F15651BF1E94D00465202 /* Base */ = {isa = PBXFileReference; lastKnownFileType = file.storyboard; name = Base; path = Base.lproj/LaunchScreen.storyboard; sourceTree = "<group>"; };
		E82F15671BF1E94D00465202 /* Info.plist */ = {isa = PBXFileReference; lastKnownFileType = text.plist.xml; path = Info.plist; sourceTree = "<group>"; };
		E82F156C1BF1E94E00465202 /* CountCatsTests.xctest */ = {isa = PBXFileReference; explicitFileType = wrapper.cfbundle; includeInIndex = 0; path = CountCatsTests.xctest; sourceTree = BUILT_PRODUCTS_DIR; };
		E82F15701BF1E94E00465202 /* CountCatsTests.swift */ = {isa = PBXFileReference; lastKnownFileType = sourcecode.swift; path = CountCatsTests.swift; sourceTree = "<group>"; };
		E82F15721BF1E94E00465202 /* Info.plist */ = {isa = PBXFileReference; lastKnownFileType = text.plist.xml; path = Info.plist; sourceTree = "<group>"; };
		E82F15771BF1E94E00465202 /* CountCatsUITests.xctest */ = {isa = PBXFileReference; explicitFileType = wrapper.cfbundle; includeInIndex = 0; path = CountCatsUITests.xctest; sourceTree = BUILT_PRODUCTS_DIR; };
		E82F157B1BF1E95000465202 /* CountCatsUITests.swift */ = {isa = PBXFileReference; lastKnownFileType = sourcecode.swift; path = CountCatsUITests.swift; sourceTree = "<group>"; };
		E82F157D1BF1E95000465202 /* Info.plist */ = {isa = PBXFileReference; lastKnownFileType = text.plist.xml; path = Info.plist; sourceTree = "<group>"; };
/* End PBXFileReference section */

/* Begin PBXFrameworksBuildPhase section */
		E82F15511BF1E94A00465202 /* Frameworks */ = {
			isa = PBXFrameworksBuildPhase;
			buildActionMask = 2147483647;
			files = (
			);
			runOnlyForDeploymentPostprocessing = 0;
		};
		E82F15691BF1E94E00465202 /* Frameworks */ = {
			isa = PBXFrameworksBuildPhase;
			buildActionMask = 2147483647;
			files = (
			);
			runOnlyForDeploymentPostprocessing = 0;
		};
		E82F15741BF1E94E00465202 /* Frameworks */ = {
			isa = PBXFrameworksBuildPhase;
			buildActionMask = 2147483647;
			files = (
			);
			runOnlyForDeploymentPostprocessing = 0;
		};
/* End PBXFrameworksBuildPhase section */

/* Begin PBXGroup section */
		E82F154B1BF1E94A00465202 = {
			isa = PBXGroup;
			children = (
				E82F15561BF1E94B00465202 /* CountCats */,
				E82F156F1BF1E94E00465202 /* CountCatsTests */,
				E82F157A1BF1E94F00465202 /* CountCatsUITests */,
				E82F15551BF1E94B00465202 /* Products */,
			);
			sourceTree = "<group>";
		};
		E82F15551BF1E94B00465202 /* Products */ = {
			isa = PBXGroup;
			children = (
				E82F15541BF1E94B00465202 /* CountCats.app */,
				E82F156C1BF1E94E00465202 /* CountCatsTests.xctest */,
				E82F15771BF1E94E00465202 /* CountCatsUITests.xctest */,
			);
			name = Products;
			sourceTree = "<group>";
		};
		E82F15561BF1E94B00465202 /* CountCats */ = {
			isa = PBXGroup;
			children = (
				E82F15571BF1E94B00465202 /* AppDelegate.swift */,
				E82F15591BF1E94C00465202 /* GameScene.sks */,
				E82F155B1BF1E94C00465202 /* GameScene.swift */,
				E82F155D1BF1E94C00465202 /* GameViewController.swift */,
				E82F155F1BF1E94D00465202 /* Main.storyboard */,
				E82F15621BF1E94D00465202 /* Assets.xcassets */,
				E82F15641BF1E94D00465202 /* LaunchScreen.storyboard */,
				E82F15671BF1E94D00465202 /* Info.plist */,
			);
			path = CountCats;
			sourceTree = "<group>";
		};
		E82F156F1BF1E94E00465202 /* CountCatsTests */ = {
			isa = PBXGroup;
			children = (
				E82F15701BF1E94E00465202 /* CountCatsTests.swift */,
				E82F15721BF1E94E00465202 /* Info.plist */,
			);
			path = CountCatsTests;
			sourceTree = "<group>";
		};
		E82F157A1BF1E94F00465202 /* CountCatsUITests */ = {
			isa = PBXGroup;
			children = (
				E82F157B1BF1E95000465202 /* CountCatsUITests.swift */,
				E82F157D1BF1E95000465202 /* Info.plist */,
			);
			path = CountCatsUITests;
			sourceTree = "<group>";
		};
/* End PBXGroup section */

/* Begin PBXNativeTarget section */
		E82F15531BF1E94A00465202 /* CountCats */ = {
			isa = PBXNativeTarget;
			buildConfigurationList = E82F15801BF1E95000465202 /* Build configuration list for PBXNativeTarget "CountCats" */;
			buildPhases = (
				E82F15501BF1E94A00465202 /* Sources */,
				E82F15511BF1E94A00465202 /* Frameworks */,
				E82F15521BF1E94A00465202 /* Resources */,
			);
			buildRules = (
			);
			dependencies = (
			);
			name = CountCats;
			productName = CountCats;
			productReference = E82F15541BF1E94B00465202 /* CountCats.app */;
			productType = "com.apple.product-type.application";
		};
		E82F156B1BF1E94E00465202 /* CountCatsTests */ = {
			isa = PBXNativeTarget;
			buildConfigurationList = E82F15831BF1E95000465202 /* Build configuration list for PBXNativeTarget "CountCatsTests" */;
			buildPhases = (
				E82F15681BF1E94E00465202 /* Sources */,
				E82F15691BF1E94E00465202 /* Frameworks */,
				E82F156A1BF1E94E00465202 /* Resources */,
			);
			buildRules = (
			);
			dependencies = (
				E82F156E1BF1E94E00465202 /* PBXTargetDependency */,
			);
			name = CountCatsTests;
			productName = CountCatsTests;
			productReference = E82F156C1BF1E94E00465202 /* CountCatsTests.xctest */;
			productType = "com.apple.product-type.bundle.unit-test";
		};
		E82F15761BF1E94E00465202 /* CountCatsUITests */ = {
			isa = PBXNativeTarget;
			buildConfigurationList = E82F15861BF1E95000465202 /* Build configuration list for PBXNativeTarget "CountCatsUITests" */;
			buildPhases = (
				E82F15731BF1E94E00465202 /* Sources */,
				E82F15741BF1E94E00465202 /* Frameworks */,
				E82F15751BF1E94E00465202 /* Resources */,
			);
			buildRules = (
			);
			dependencies = (
				E82F15791BF1E94E00465202 /* PBXTargetDependency */,
			);
			name = CountCatsUITests;
			productName = CountCatsUITests;
			productReference = E82F15771BF1E94E00465202 /* CountCatsUITests.xctest */;
			productType = "com.apple.product-type.bundle.ui-testing";
		};
/* End PBXNativeTarget section */

/* Begin PBXProject section */
		E82F154C1BF1E94A00465202 /* Project object */ = {
			isa = PBXProject;
			attributes = {
				LastSwiftUpdateCheck = 0710;
				LastUpgradeCheck = 0710;
				ORGANIZATIONNAME = Lixiaoyu;
				TargetAttributes = {
					E82F15531BF1E94A00465202 = {
						CreatedOnToolsVersion = 7.1;
						DevelopmentTeam = CM98SBT54B;
					};
					E82F156B1BF1E94E00465202 = {
						CreatedOnToolsVersion = 7.1;
						DevelopmentTeam = CM98SBT54B;
						TestTargetID = E82F15531BF1E94A00465202;
					};
					E82F15761BF1E94E00465202 = {
						CreatedOnToolsVersion = 7.1;
						DevelopmentTeam = CM98SBT54B;
						TestTargetID = E82F15531BF1E94A00465202;
					};
				};
			};
			buildConfigurationList = E82F154F1BF1E94A00465202 /* Build configuration list for PBXProject "CountCats" */;
			compatibilityVersion = "Xcode 3.2";
			developmentRegion = English;
			hasScannedForEncodings = 0;
			knownRegions = (
				en,
				Base,
			);
			mainGroup = E82F154B1BF1E94A00465202;
			productRefGroup = E82F15551BF1E94B00465202 /* Products */;
			projectDirPath = "";
			projectRoot = "";
			targets = (
				E82F15531BF1E94A00465202 /* CountCats */,
				E82F156B1BF1E94E00465202 /* CountCatsTests */,
				E82F15761BF1E94E00465202 /* CountCatsUITests */,
			);
		};
/* End PBXProject section */

/* Begin PBXResourcesBuildPhase section */
		E82F15521BF1E94A00465202 /* Resources */ = {
			isa = PBXResourcesBuildPhase;
			buildActionMask = 2147483647;
			files = (
				E82F155A1BF1E94C00465202 /* GameScene.sks in Resources */,
				E82F15661BF1E94D00465202 /* LaunchScreen.storyboard in Resources */,
				E82F15631BF1E94D00465202 /* Assets.xcassets in Resources */,
				E82F15611BF1E94D00465202 /* Main.storyboard in Resources */,
			);
			runOnlyForDeploymentPostprocessing = 0;
		};
		E82F156A1BF1E94E00465202 /* Resources */ = {
			isa = PBXResourcesBuildPhase;
			buildActionMask = 2147483647;
			files = (
			);
			runOnlyForDeploymentPostprocessing = 0;
		};
		E82F15751BF1E94E00465202 /* Resources */ = {
			isa = PBXResourcesBuildPhase;
			buildActionMask = 2147483647;
			files = (
			);
			runOnlyForDeploymentPostprocessing = 0;
		};
/* End PBXResourcesBuildPhase section */

/* Begin PBXSourcesBuildPhase section */
		E82F15501BF1E94A00465202 /* Sources */ = {
			isa = PBXSourcesBuildPhase;
			buildActionMask = 2147483647;
			files = (
				E82F155C1BF1E94C00465202 /* GameScene.swift in Sources */,
				E82F155E1BF1E94C00465202 /* GameViewController.swift in Sources */,
				E82F15581BF1E94B00465202 /* AppDelegate.swift in Sources */,
			);
			runOnlyForDeploymentPostprocessing = 0;
		};
		E82F15681BF1E94E00465202 /* Sources */ = {
			isa = PBXSourcesBuildPhase;
			buildActionMask = 2147483647;
			files = (
				E82F15711BF1E94E00465202 /* CountCatsTests.swift in Sources */,
			);
			runOnlyForDeploymentPostprocessing = 0;
		};
		E82F15731BF1E94E00465202 /* Sources */ = {
			isa = PBXSourcesBuildPhase;
			buildActionMask = 2147483647;
			files = (
				E82F157C1BF1E95000465202 /* CountCatsUITests.swift in Sources */,
			);
			runOnlyForDeploymentPostprocessing = 0;
		};
/* End PBXSourcesBuildPhase section */

/* Begin PBXTargetDependency section */
		E82F156E1BF1E94E00465202 /* PBXTargetDependency */ = {
			isa = PBXTargetDependency;
			target = E82F15531BF1E94A00465202 /* CountCats */;
			targetProxy = E82F156D1BF1E94E00465202 /* PBXContainerItemProxy */;
		};
		E82F15791BF1E94E00465202 /* PBXTargetDependency */ = {
			isa = PBXTargetDependency;
			target = E82F15531BF1E94A00465202 /* CountCats */;
			targetProxy = E82F15781BF1E94E00465202 /* PBXContainerItemProxy */;
		};
/* End PBXTargetDependency section */

/* Begin PBXVariantGroup section */
		E82F155F1BF1E94D00465202 /* Main.storyboard */ = {
			isa = PBXVariantGroup;
			children = (
				E82F15601BF1E94D00465202 /* Base */,
			);
			name = Main.storyboard;
			sourceTree = "<group>";
		};
		E82F15641BF1E94D00465202 /* LaunchScreen.storyboard */ = {
			isa = PBXVariantGroup;
			children = (
				E82F15651BF1E94D00465202 /* Base */,
			);
			name = LaunchScreen.storyboard;
			sourceTree = "<group>";
		};
/* End PBXVariantGroup section */

/* Begin XCBuildConfiguration section */
		E82F157E1BF1E95000465202 /* Debug */ = {
			isa = XCBuildConfiguration;
			buildSettings = {
				ALWAYS_SEARCH_USER_PATHS = NO;
				CLANG_CXX_LANGUAGE_STANDARD = "gnu++0x";
				CLANG_CXX_LIBRARY = "libc++";
				CLANG_ENABLE_MODULES = YES;
				CLANG_ENABLE_OBJC_ARC = YES;
				CLANG_WARN_BOOL_CONVERSION = YES;
				CLANG_WARN_CONSTANT_CONVERSION = YES;
				CLANG_WARN_DIRECT_OBJC_ISA_USAGE = YES_ERROR;
				CLANG_WARN_EMPTY_BODY = YES;
				CLANG_WARN_ENUM_CONVERSION = YES;
				CLANG_WARN_INT_CONVERSION = YES;
				CLANG_WARN_OBJC_ROOT_CLASS = YES_ERROR;
				CLANG_WARN_UNREACHABLE_CODE = YES;
				CLANG_WARN__DUPLICATE_METHOD_MATCH = YES;
				"CODE_SIGN_IDENTITY[sdk=iphoneos*]" = "iPhone Developer";
				COPY_PHASE_STRIP = NO;
				DEBUG_INFORMATION_FORMAT = "dwarf-with-dsym";
				ENABLE_STRICT_OBJC_MSGSEND = YES;
				ENABLE_TESTABILITY = YES;
				GCC_C_LANGUAGE_STANDARD = gnu99;
				GCC_DYNAMIC_NO_PIC = NO;
				GCC_NO_COMMON_BLOCKS = YES;
				GCC_OPTIMIZATION_LEVEL = 0;
				GCC_PREPROCESSOR_DEFINITIONS = (
					"DEBUG=1",
					"$(inherited)",
				);
				GCC_WARN_64_TO_32_BIT_CONVERSION = YES;
				GCC_WARN_ABOUT_RETURN_TYPE = YES_ERROR;
				GCC_WARN_UNDECLARED_SELECTOR = YES;
				GCC_WARN_UNINITIALIZED_AUTOS = YES_AGGRESSIVE;
				GCC_WARN_UNUSED_FUNCTION = YES;
				GCC_WARN_UNUSED_VARIABLE = YES;
				IPHONEOS_DEPLOYMENT_TARGET = 9.1;
				MTL_ENABLE_DEBUG_INFO = YES;
				ONLY_ACTIVE_ARCH = YES;
				SDKROOT = iphoneos;
				SWIFT_OPTIMIZATION_LEVEL = "-Onone";
			};
			name = Debug;
		};
		E82F157F1BF1E95000465202 /* Release */ = {
			isa = XCBuildConfiguration;
			buildSettings = {
				ALWAYS_SEARCH_USER_PATHS = NO;
				CLANG_CXX_LANGUAGE_STANDARD = "gnu++0x";
				CLANG_CXX_LIBRARY = "libc++";
				CLANG_ENABLE_MODULES = YES;
				CLANG_ENABLE_OBJC_ARC = YES;
				CLANG_WARN_BOOL_CONVERSION = YES;
				CLANG_WARN_CONSTANT_CONVERSION = YES;
				CLANG_WARN_DIRECT_OBJC_ISA_USAGE = YES_ERROR;
				CLANG_WARN_EMPTY_BODY = YES;
				CLANG_WARN_ENUM_CONVERSION = YES;
				CLANG_WARN_INT_CONVERSION = YES;
				CLANG_WARN_OBJC_ROOT_CLASS = YES_ERROR;
				CLANG_WARN_UNREACHABLE_CODE = YES;
				CLANG_WARN__DUPLICATE_METHOD_MATCH = YES;
				"CODE_SIGN_IDENTITY[sdk=iphoneos*]" = "iPhone Developer";
				COPY_PHASE_STRIP = NO;
				DEBUG_INFORMATION_FORMAT = "dwarf-with-dsym";
				ENABLE_NS_ASSERTIONS = NO;
				ENABLE_STRICT_OBJC_MSGSEND = YES;
				GCC_C_LANGUAGE_STANDARD = gnu99;
				GCC_NO_COMMON_BLOCKS = YES;
				GCC_WARN_64_TO_32_BIT_CONVERSION = YES;
				GCC_WARN_ABOUT_RETURN_TYPE = YES_ERROR;
				GCC_WARN_UNDECLARED_SELECTOR = YES;
				GCC_WARN_UNINITIALIZED_AUTOS = YES_AGGRESSIVE;
				GCC_WARN_UNUSED_FUNCTION = YES;
				GCC_WARN_UNUSED_VARIABLE = YES;
				IPHONEOS_DEPLOYMENT_TARGET = 9.1;
				MTL_ENABLE_DEBUG_INFO = NO;
				SDKROOT = iphoneos;
				VALIDATE_PRODUCT = YES;
			};
			name = Release;
		};
		E82F15811BF1E95000465202 /* Debug */ = {
			isa = XCBuildConfiguration;
			buildSettings = {
				ASSETCATALOG_COMPILER_APPICON_NAME = AppIcon;
				INFOPLIST_FILE = CountCats/Info.plist;
				LD_RUNPATH_SEARCH_PATHS = "$(inherited) @executable_path/Frameworks";
				PRODUCT_BUNDLE_IDENTIFIER = Lixiaoyu.CountCats;
				PRODUCT_NAME = "$(TARGET_NAME)";
			};
			name = Debug;
		};
		E82F15821BF1E95000465202 /* Release */ = {
			isa = XCBuildConfiguration;
			buildSettings = {
				ASSETCATALOG_COMPILER_APPICON_NAME = AppIcon;
				INFOPLIST_FILE = CountCats/Info.plist;
				LD_RUNPATH_SEARCH_PATHS = "$(inherited) @executable_path/Frameworks";
				PRODUCT_BUNDLE_IDENTIFIER = Lixiaoyu.CountCats;
				PRODUCT_NAME = "$(TARGET_NAME)";
			};
			name = Release;
		};
		E82F15841BF1E95000465202 /* Debug */ = {
			isa = XCBuildConfiguration;
			buildSettings = {
				BUNDLE_LOADER = "$(TEST_HOST)";
				DEBUG_INFORMATION_FORMAT = dwarf;
				INFOPLIST_FILE = CountCatsTests/Info.plist;
				LD_RUNPATH_SEARCH_PATHS = "$(inherited) @executable_path/Frameworks @loader_path/Frameworks";
				PRODUCT_BUNDLE_IDENTIFIER = Lixiaoyu.CountCatsTests;
				PRODUCT_NAME = "$(TARGET_NAME)";
				TEST_HOST = "$(BUILT_PRODUCTS_DIR)/CountCats.app/CountCats";
			};
			name = Debug;
		};
		E82F15851BF1E95000465202 /* Release */ = {
			isa = XCBuildConfiguration;
			buildSettings = {
				BUNDLE_LOADER = "$(TEST_HOST)";
				INFOPLIST_FILE = CountCatsTests/Info.plist;
				LD_RUNPATH_SEARCH_PATHS = "$(inherited) @executable_path/Frameworks @loader_path/Frameworks";
				PRODUCT_BUNDLE_IDENTIFIER = Lixiaoyu.CountCatsTests;
				PRODUCT_NAME = "$(TARGET_NAME)";
				TEST_HOST = "$(BUILT_PRODUCTS_DIR)/CountCats.app/CountCats";
			};
			name = Release;
		};
		E82F15871BF1E95000465202 /* Debug */ = {
			isa = XCBuildConfiguration;
			buildSettings = {
				DEBUG_INFORMATION_FORMAT = dwarf;
				INFOPLIST_FILE = CountCatsUITests/Info.plist;
				LD_RUNPATH_SEARCH_PATHS = "$(inherited) @executable_path/Frameworks @loader_path/Frameworks";
				PRODUCT_BUNDLE_IDENTIFIER = Lixiaoyu.CountCatsUITests;
				PRODUCT_NAME = "$(TARGET_NAME)";
				TEST_TARGET_NAME = CountCats;
				USES_XCTRUNNER = YES;
			};
			name = Debug;
		};
		E82F15881BF1E95000465202 /* Release */ = {
			isa = XCBuildConfiguration;
			buildSettings = {
				INFOPLIST_FILE = CountCatsUITests/Info.plist;
				LD_RUNPATH_SEARCH_PATHS = "$(inherited) @executable_path/Frameworks @loader_path/Frameworks";
				PRODUCT_BUNDLE_IDENTIFIER = Lixiaoyu.CountCatsUITests;
				PRODUCT_NAME = "$(TARGET_NAME)";
				TEST_TARGET_NAME = CountCats;
				USES_XCTRUNNER = YES;
			};
			name = Release;
		};
/* End XCBuildConfiguration section */

/* Begin XCConfigurationList section */
		E82F154F1BF1E94A00465202 /* Build configuration list for PBXProject "CountCats" */ = {
			isa = XCConfigurationList;
			buildConfigurations = (
				E82F157E1BF1E95000465202 /* Debug */,
				E82F157F1BF1E95000465202 /* Release */,
			);
			defaultConfigurationIsVisible = 0;
			defaultConfigurationName = Release;
		};
		E82F15801BF1E95000465202 /* Build configuration list for PBXNativeTarget "CountCats" */ = {
			isa = XCConfigurationList;
			buildConfigurations = (
				E82F15811BF1E95000465202 /* Debug */,
				E82F15821BF1E95000465202 /* Release */,
			);
			defaultConfigurationIsVisible = 0;
		};
		E82F15831BF1E95000465202 /* Build configuration list for PBXNativeTarget "CountCatsTests" */ = {
			isa = XCConfigurationList;
			buildConfigurations = (
				E82F15841BF1E95000465202 /* Debug */,
				E82F15851BF1E95000465202 /* Release */,
			);
			defaultConfigurationIsVisible = 0;
		};
		E82F15861BF1E95000465202 /* Build configuration list for PBXNativeTarget "CountCatsUITests" */ = {
			isa = XCConfigurationList;
			buildConfigurations = (
				E82F15871BF1E95000465202 /* Debug */,
				E82F15881BF1E95000465202 /* Release */,
			);
			defaultConfigurationIsVisible = 0;
		};
/* End XCConfigurationList section */
	};
	rootObject = E82F154C1BF1E94A00465202 /* Project object */;
}
